// !$*UTF8*$!
{
	archiveVersion = 1;
	classes = {
	};
	objectVersion = 46;
	objects = {

/* Begin PBXBuildFile section */
		8A6128071CFD83C70024E479 /* main.m in Sources */ = {isa = PBXBuildFile; fileRef = 8A6128061CFD83C70024E479 /* main.m */; };
		8A61280A1CFD83C70024E479 /* AppDelegate.m in Sources */ = {isa = PBXBuildFile; fileRef = 8A6128091CFD83C70024E479 /* AppDelegate.m */; };
		8A6128121CFD83C70024E479 /* Assets.xcassets in Resources */ = {isa = PBXBuildFile; fileRef = 8A6128111CFD83C70024E479 /* Assets.xcassets */; };
		8A6128151CFD83C70024E479 /* LaunchScreen.storyboard in Resources */ = {isa = PBXBuildFile; fileRef = 8A6128131CFD83C70024E479 /* LaunchScreen.storyboard */; };
		8A61281E1CFD84380024E479 /* SPTAlbumViewController.m in Sources */ = {isa = PBXBuildFile; fileRef = 8A61281D1CFD84380024E479 /* SPTAlbumViewController.m */; };
		8A6128221CFD853F0024E479 /* SPTAlbum.m in Sources */ = {isa = PBXBuildFile; fileRef = 8A6128211CFD853F0024E479 /* SPTAlbum.m */; };
		8A6128251CFD858D0024E479 /* SPTAlbumDataLoader.m in Sources */ = {isa = PBXBuildFile; fileRef = 8A6128241CFD858D0024E479 /* SPTAlbumDataLoader.m */; };
		8A6128281CFD86220024E479 /* SPTTrack.m in Sources */ = {isa = PBXBuildFile; fileRef = 8A6128271CFD86220024E479 /* SPTTrack.m */; };
/* End PBXBuildFile section */

/* Begin PBXFileReference section */
		8A6128021CFD83C70024E479 /* Factories.app */ = {isa = PBXFileReference; explicitFileType = wrapper.application; includeInIndex = 0; path = Factories.app; sourceTree = BUILT_PRODUCTS_DIR; };
		8A6128061CFD83C70024E479 /* main.m */ = {isa = PBXFileReference; lastKnownFileType = sourcecode.c.objc; path = main.m; sourceTree = "<group>"; };
		8A6128081CFD83C70024E479 /* AppDelegate.h */ = {isa = PBXFileReference; lastKnownFileType = sourcecode.c.h; path = AppDelegate.h; sourceTree = "<group>"; };
		8A6128091CFD83C70024E479 /* AppDelegate.m */ = {isa = PBXFileReference; lastKnownFileType = sourcecode.c.objc; path = AppDelegate.m; sourceTree = "<group>"; };
		8A6128111CFD83C70024E479 /* Assets.xcassets */ = {isa = PBXFileReference; lastKnownFileType = folder.assetcatalog; path = Assets.xcassets; sourceTree = "<group>"; };
		8A6128141CFD83C70024E479 /* Base */ = {isa = PBXFileReference; lastKnownFileType = file.storyboard; name = Base; path = Base.lproj/LaunchScreen.storyboard; sourceTree = "<group>"; };
		8A6128161CFD83C70024E479 /* Info.plist */ = {isa = PBXFileReference; lastKnownFileType = text.plist.xml; path = Info.plist; sourceTree = "<group>"; };
		8A61281C1CFD84380024E479 /* SPTAlbumViewController.h */ = {isa = PBXFileReference; fileEncoding = 4; lastKnownFileType = sourcecode.c.h; path = SPTAlbumViewController.h; sourceTree = "<group>"; };
		8A61281D1CFD84380024E479 /* SPTAlbumViewController.m */ = {isa = PBXFileReference; fileEncoding = 4; lastKnownFileType = sourcecode.c.objc; path = SPTAlbumViewController.m; sourceTree = "<group>"; };
		8A6128201CFD853F0024E479 /* SPTAlbum.h */ = {isa = PBXFileReference; fileEncoding = 4; lastKnownFileType = sourcecode.c.h; path = SPTAlbum.h; sourceTree = "<group>"; };
		8A6128211CFD853F0024E479 /* SPTAlbum.m */ = {isa = PBXFileReference; fileEncoding = 4; lastKnownFileType = sourcecode.c.objc; path = SPTAlbum.m; sourceTree = "<group>"; };
		8A6128231CFD858D0024E479 /* SPTAlbumDataLoader.h */ = {isa = PBXFileReference; fileEncoding = 4; lastKnownFileType = sourcecode.c.h; path = SPTAlbumDataLoader.h; sourceTree = "<group>"; };
		8A6128241CFD858D0024E479 /* SPTAlbumDataLoader.m */ = {isa = PBXFileReference; fileEncoding = 4; lastKnownFileType = sourcecode.c.objc; path = SPTAlbumDataLoader.m; sourceTree = "<group>"; };
		8A6128261CFD86220024E479 /* SPTTrack.h */ = {isa = PBXFileReference; fileEncoding = 4; lastKnownFileType = sourcecode.c.h; path = SPTTrack.h; sourceTree = "<group>"; };
		8A6128271CFD86220024E479 /* SPTTrack.m */ = {isa = PBXFileReference; fileEncoding = 4; lastKnownFileType = sourcecode.c.objc; path = SPTTrack.m; sourceTree = "<group>"; };
/* End PBXFileReference section */

/* Begin PBXFrameworksBuildPhase section */
		8A6127FF1CFD83C70024E479 /* Frameworks */ = {
			isa = PBXFrameworksBuildPhase;
			buildActionMask = 2147483647;
			files = (
			);
			runOnlyForDeploymentPostprocessing = 0;
		};
/* End PBXFrameworksBuildPhase section */

/* Begin PBXGroup section */
		8A6127F91CFD83C70024E479 = {
			isa = PBXGroup;
			children = (
				8A6128041CFD83C70024E479 /* Factories */,
				8A6128031CFD83C70024E479 /* Products */,
			);
			sourceTree = "<group>";
		};
		8A6128031CFD83C70024E479 /* Products */ = {
			isa = PBXGroup;
			children = (
				8A6128021CFD83C70024E479 /* Factories.app */,
			);
			name = Products;
			sourceTree = "<group>";
		};
		8A6128041CFD83C70024E479 /* Factories */ = {
			isa = PBXGroup;
			children = (
				8A61281F1CFD85320024E479 /* Album */,
				8A6128081CFD83C70024E479 /* AppDelegate.h */,
				8A6128091CFD83C70024E479 /* AppDelegate.m */,
				8A6128111CFD83C70024E479 /* Assets.xcassets */,
				8A6128131CFD83C70024E479 /* LaunchScreen.storyboard */,
				8A6128161CFD83C70024E479 /* Info.plist */,
				8A6128051CFD83C70024E479 /* Supporting Files */,
			);
			path = Factories;
			sourceTree = "<group>";
		};
		8A6128051CFD83C70024E479 /* Supporting Files */ = {
			isa = PBXGroup;
			children = (
				8A6128061CFD83C70024E479 /* main.m */,
			);
			name = "Supporting Files";
			sourceTree = "<group>";
		};
		8A61281F1CFD85320024E479 /* Album */ = {
			isa = PBXGroup;
			children = (
				8A61281C1CFD84380024E479 /* SPTAlbumViewController.h */,
				8A61281D1CFD84380024E479 /* SPTAlbumViewController.m */,
				8A6128231CFD858D0024E479 /* SPTAlbumDataLoader.h */,
				8A6128241CFD858D0024E479 /* SPTAlbumDataLoader.m */,
				8A6128201CFD853F0024E479 /* SPTAlbum.h */,
				8A6128211CFD853F0024E479 /* SPTAlbum.m */,
				8A6128261CFD86220024E479 /* SPTTrack.h */,
				8A6128271CFD86220024E479 /* SPTTrack.m */,
			);
			name = Album;
			sourceTree = "<group>";
		};
/* End PBXGroup section */

/* Begin PBXNativeTarget section */
		8A6128011CFD83C70024E479 /* Factories */ = {
			isa = PBXNativeTarget;
			buildConfigurationList = 8A6128191CFD83C70024E479 /* Build configuration list for PBXNativeTarget "Factories" */;
			buildPhases = (
				8A6127FE1CFD83C70024E479 /* Sources */,
				8A6127FF1CFD83C70024E479 /* Frameworks */,
				8A6128001CFD83C70024E479 /* Resources */,
			);
			buildRules = (
			);
			dependencies = (
			);
			name = Factories;
			productName = Factories;
			productReference = 8A6128021CFD83C70024E479 /* Factories.app */;
			productType = "com.apple.product-type.application";
		};
/* End PBXNativeTarget section */

/* Begin PBXProject section */
		8A6127FA1CFD83C70024E479 /* Project object */ = {
			isa = PBXProject;
			attributes = {
				LastUpgradeCheck = 0730;
				ORGANIZATIONNAME = Spotify;
				TargetAttributes = {
					8A6128011CFD83C70024E479 = {
						CreatedOnToolsVersion = 7.3.1;
					};
				};
			};
			buildConfigurationList = 8A6127FD1CFD83C70024E479 /* Build configuration list for PBXProject "Factories" */;
			compatibilityVersion = "Xcode 3.2";
			developmentRegion = English;
			hasScannedForEncodings = 0;
			knownRegions = (
				en,
				Base,
			);
			mainGroup = 8A6127F91CFD83C70024E479;
			productRefGroup = 8A6128031CFD83C70024E479 /* Products */;
			projectDirPath = "";
			projectRoot = "";
			targets = (
				8A6128011CFD83C70024E479 /* Factories */,
			);
		};
/* End PBXProject section */

/* Begin PBXResourcesBuildPhase section */
		8A6128001CFD83C70024E479 /* Resources */ = {
			isa = PBXResourcesBuildPhase;
			buildActionMask = 2147483647;
			files = (
				8A6128151CFD83C70024E479 /* LaunchScreen.storyboard in Resources */,
				8A6128121CFD83C70024E479 /* Assets.xcassets in Resources */,
			);
			runOnlyForDeploymentPostprocessing = 0;
		};
/* End PBXResourcesBuildPhase section */

/* Begin PBXSourcesBuildPhase section */
		8A6127FE1CFD83C70024E479 /* Sources */ = {
			isa = PBXSourcesBuildPhase;
			buildActionMask = 2147483647;
			files = (
				8A61280A1CFD83C70024E479 /* AppDelegate.m in Sources */,
				8A6128221CFD853F0024E479 /* SPTAlbum.m in Sources */,
				8A6128251CFD858D0024E479 /* SPTAlbumDataLoader.m in Sources */,
				8A61281E1CFD84380024E479 /* SPTAlbumViewController.m in Sources */,
				8A6128071CFD83C70024E479 /* main.m in Sources */,
				8A6128281CFD86220024E479 /* SPTTrack.m in Sources */,
			);
			runOnlyForDeploymentPostprocessing = 0;
		};
/* End PBXSourcesBuildPhase section */

/* Begin PBXVariantGroup section */
		8A6128131CFD83C70024E479 /* LaunchScreen.storyboard */ = {
			isa = PBXVariantGroup;
			children = (
				8A6128141CFD83C70024E479 /* Base */,
			);
			name = LaunchScreen.storyboard;
			sourceTree = "<group>";
		};
/* End PBXVariantGroup section */

/* Begin XCBuildConfiguration section */
		8A6128171CFD83C70024E479 /* Debug */ = {
			isa = XCBuildConfiguration;
			buildSettings = {
				ALWAYS_SEARCH_USER_PATHS = NO;
				CLANG_ANALYZER_NONNULL = YES;
				CLANG_CXX_LANGUAGE_STANDARD = "gnu++0x";
				CLANG_CXX_LIBRARY = "libc++";
				CLANG_ENABLE_MODULES = YES;
				CLANG_ENABLE_OBJC_ARC = YES;
				CLANG_WARN_BOOL_CONVERSION = YES;
				CLANG_WARN_CONSTANT_CONVERSION = YES;
				CLANG_WARN_DIRECT_OBJC_ISA_USAGE = YES_ERROR;
				CLANG_WARN_EMPTY_BODY = YES;
				CLANG_WARN_ENUM_CONVERSION = YES;
				CLANG_WARN_INT_CONVERSION = YES;
				CLANG_WARN_OBJC_ROOT_CLASS = YES_ERROR;
				CLANG_WARN_UNREACHABLE_CODE = YES;
				CLANG_WARN__DUPLICATE_METHOD_MATCH = YES;
				"CODE_SIGN_IDENTITY[sdk=iphoneos*]" = "iPhone Developer";
				COPY_PHASE_STRIP = NO;
				DEBUG_INFORMATION_FORMAT = dwarf;
				ENABLE_STRICT_OBJC_MSGSEND = YES;
				ENABLE_TESTABILITY = YES;
				GCC_C_LANGUAGE_STANDARD = gnu99;
				GCC_DYNAMIC_NO_PIC = NO;
				GCC_NO_COMMON_BLOCKS = YES;
				GCC_OPTIMIZATION_LEVEL = 0;
				GCC_PREPROCESSOR_DEFINITIONS = (
					"DEBUG=1",
					"$(inherited)",
				);
				GCC_WARN_64_TO_32_BIT_CONVERSION = YES;
				GCC_WARN_ABOUT_RETURN_TYPE = YES_ERROR;
				GCC_WARN_UNDECLARED_SELECTOR = YES;
				GCC_WARN_UNINITIALIZED_AUTOS = YES_AGGRESSIVE;
				GCC_WARN_UNUSED_FUNCTION = YES;
				GCC_WARN_UNUSED_VARIABLE = YES;
				IPHONEOS_DEPLOYMENT_TARGET = 9.3;
				MTL_ENABLE_DEBUG_INFO = YES;
				ONLY_ACTIVE_ARCH = YES;
				SDKROOT = iphoneos;
			};
			name = Debug;
		};
		8A6128181CFD83C70024E479 /* Release */ = {
			isa = XCBuildConfiguration;
			buildSettings = {
				ALWAYS_SEARCH_USER_PATHS = NO;
				CLANG_ANALYZER_NONNULL = YES;
				CLANG_CXX_LANGUAGE_STANDARD = "gnu++0x";
				CLANG_CXX_LIBRARY = "libc++";
				CLANG_ENABLE_MODULES = YES;
				CLANG_ENABLE_OBJC_ARC = YES;
				CLANG_WARN_BOOL_CONVERSION = YES;
				CLANG_WARN_CONSTANT_CONVERSION = YES;
				CLANG_WARN_DIRECT_OBJC_ISA_USAGE = YES_ERROR;
				CLANG_WARN_EMPTY_BODY = YES;
				CLANG_WARN_ENUM_CONVERSION = YES;
				CLANG_WARN_INT_CONVERSION = YES;
				CLANG_WARN_OBJC_ROOT_CLASS = YES_ERROR;
				CLANG_WARN_UNREACHABLE_CODE = YES;
				CLANG_WARN__DUPLICATE_METHOD_MATCH = YES;
				"CODE_SIGN_IDENTITY[sdk=iphoneos*]" = "iPhone Developer";
				COPY_PHASE_STRIP = NO;
				DEBUG_INFORMATION_FORMAT = "dwarf-with-dsym";
				ENABLE_NS_ASSERTIONS = NO;
				ENABLE_STRICT_OBJC_MSGSEND = YES;
				GCC_C_LANGUAGE_STANDARD = gnu99;
				GCC_NO_COMMON_BLOCKS = YES;
				GCC_WARN_64_TO_32_BIT_CONVERSION = YES;
				GCC_WARN_ABOUT_RETURN_TYPE = YES_ERROR;
				GCC_WARN_UNDECLARED_SELECTOR = YES;
				GCC_WARN_UNINITIALIZED_AUTOS = YES_AGGRESSIVE;
				GCC_WARN_UNUSED_FUNCTION = YES;
				GCC_WARN_UNUSED_VARIABLE = YES;
				IPHONEOS_DEPLOYMENT_TARGET = 9.3;
				MTL_ENABLE_DEBUG_INFO = NO;
				SDKROOT = iphoneos;
				VALIDATE_PRODUCT = YES;
			};
			name = Release;
		};
		8A61281A1CFD83C70024E479 /* Debug */ = {
			isa = XCBuildConfiguration;
			buildSettings = {
				ASSETCATALOG_COMPILER_APPICON_NAME = AppIcon;
				INFOPLIST_FILE = Factories/Info.plist;
				LD_RUNPATH_SEARCH_PATHS = "$(inherited) @executable_path/Frameworks";
				PRODUCT_BUNDLE_IDENTIFIER = com.spotify.Factories;
				PRODUCT_NAME = "$(TARGET_NAME)";
			};
			name = Debug;
		};
		8A61281B1CFD83C70024E479 /* Release */ = {
			isa = XCBuildConfiguration;
			buildSettings = {
				ASSETCATALOG_COMPILER_APPICON_NAME = AppIcon;
				INFOPLIST_FILE = Factories/Info.plist;
				LD_RUNPATH_SEARCH_PATHS = "$(inherited) @executable_path/Frameworks";
				PRODUCT_BUNDLE_IDENTIFIER = com.spotify.Factories;
				PRODUCT_NAME = "$(TARGET_NAME)";
			};
			name = Release;
		};
/* End XCBuildConfiguration section */

/* Begin XCConfigurationList section */
		8A6127FD1CFD83C70024E479 /* Build configuration list for PBXProject "Factories" */ = {
			isa = XCConfigurationList;
			buildConfigurations = (
				8A6128171CFD83C70024E479 /* Debug */,
				8A6128181CFD83C70024E479 /* Release */,
			);
			defaultConfigurationIsVisible = 0;
			defaultConfigurationName = Release;
		};
		8A6128191CFD83C70024E479 /* Build configuration list for PBXNativeTarget "Factories" */ = {
			isa = XCConfigurationList;
			buildConfigurations = (
				8A61281A1CFD83C70024E479 /* Debug */,
				8A61281B1CFD83C70024E479 /* Release */,
			);
			defaultConfigurationIsVisible = 0;
			defaultConfigurationName = Release;
		};
/* End XCConfigurationList section */
	};
	rootObject = 8A6127FA1CFD83C70024E479 /* Project object */;
}
